
Microsoft Visual Studio Solution File, Format Version 12.00
# Visual Studio 2012
Project("{FAE04EC0-301F-11D3-BF4B-00C04F79EFBC}") = "libGr", "src\libGr\libGr.csproj", "{57A2E7A1-058E-4EBD-85E9-A65C3304FA49}"
EndProject
Project("{FAE04EC0-301F-11D3-BF4B-00C04F79EFBC}") = "GrShell", "src\GrShell\GrShell.csproj", "{780E231D-7BFE-40E2-AA69-399AECB294DE}"
	ProjectSection(ProjectDependencies) = postProject
		{57A2E7A1-058E-4EBD-85E9-A65C3304FA49} = {57A2E7A1-058E-4EBD-85E9-A65C3304FA49}
	EndProjectSection
EndProject
Project("{FAE04EC0-301F-11D3-BF4B-00C04F79EFBC}") = "lgspBackend", "src\lgspBackend\lgspBackend.csproj", "{28747063-D1D2-4626-B1F1-84CC201B2063}"
EndProject
Project("{FAE04EC0-301F-11D3-BF4B-00C04F79EFBC}") = "ASTdapter", "src\ASTdapter\ASTdapter.csproj", "{611BE482-BA91-4BA8-A4EF-5D628A913041}"
EndProject
Project("{FAE04EC0-301F-11D3-BF4B-00C04F79EFBC}") = "GrIO", "src\GrIO\GrIO.csproj", "{7ECF099A-B6B1-4863-A949-A9ABB8955EAA}"
EndProject
Project("{FAE04EC0-301F-11D3-BF4B-00C04F79EFBC}") = "GrGen", "src\GrGen\GrGen.csproj", "{88C2E9E9-1EF9-409E-BF92-40602F4DA91A}"
EndProject
Project("{FAE04EC0-301F-11D3-BF4B-00C04F79EFBC}") = "RIMgr", "src\RIFramework\RIMgr.csproj", "{A5006FEA-FD0D-4D03-8C7F-9FB7CE3E01C8}"
EndProject
Project("{FAE04EC0-301F-11D3-BF4B-00C04F79EFBC}") = "GraphVisualisation", "src\GraphVisualisation\GraphVisualisation.csproj", "{B0E26EB7-E8A1-4492-B40F-A4EE9F012A1C}"
EndProject
Global
	GlobalSection(SolutionConfigurationPlatforms) = preSolution
		Debug|Any CPU = Debug|Any CPU
		Debug|Mixed Platforms = Debug|Mixed Platforms
		Debug|x86 = Debug|x86
		Release|Any CPU = Release|Any CPU
		Release|Mixed Platforms = Release|Mixed Platforms
		Release|x86 = Release|x86
	EndGlobalSection
	GlobalSection(ProjectConfigurationPlatforms) = postSolution
		{57A2E7A1-058E-4EBD-85E9-A65C3304FA49}.Debug|Any CPU.ActiveCfg = Debug|Any CPU
		{57A2E7A1-058E-4EBD-85E9-A65C3304FA49}.Debug|Any CPU.Build.0 = Debug|Any CPU
		{57A2E7A1-058E-4EBD-85E9-A65C3304FA49}.Debug|Mixed Platforms.ActiveCfg = Debug|Any CPU
		{57A2E7A1-058E-4EBD-85E9-A65C3304FA49}.Debug|Mixed Platforms.Build.0 = Debug|Any CPU
		{57A2E7A1-058E-4EBD-85E9-A65C3304FA49}.Debug|x86.ActiveCfg = Debug|x86
		{57A2E7A1-058E-4EBD-85E9-A65C3304FA49}.Debug|x86.Build.0 = Debug|x86
		{57A2E7A1-058E-4EBD-85E9-A65C3304FA49}.Release|Any CPU.ActiveCfg = Release|Any CPU
		{57A2E7A1-058E-4EBD-85E9-A65C3304FA49}.Release|Any CPU.Build.0 = Release|Any CPU
		{57A2E7A1-058E-4EBD-85E9-A65C3304FA49}.Release|Mixed Platforms.ActiveCfg = Release|x86
		{57A2E7A1-058E-4EBD-85E9-A65C3304FA49}.Release|Mixed Platforms.Build.0 = Release|x86
		{57A2E7A1-058E-4EBD-85E9-A65C3304FA49}.Release|x86.ActiveCfg = Release|x86
		{57A2E7A1-058E-4EBD-85E9-A65C3304FA49}.Release|x86.Build.0 = Release|x86
		{780E231D-7BFE-40E2-AA69-399AECB294DE}.Debug|Any CPU.ActiveCfg = Debug|Any CPU
		{780E231D-7BFE-40E2-AA69-399AECB294DE}.Debug|Any CPU.Build.0 = Debug|Any CPU
		{780E231D-7BFE-40E2-AA69-399AECB294DE}.Debug|Mixed Platforms.ActiveCfg = Debug|Any CPU
		{780E231D-7BFE-40E2-AA69-399AECB294DE}.Debug|Mixed Platforms.Build.0 = Debug|Any CPU
		{780E231D-7BFE-40E2-AA69-399AECB294DE}.Debug|x86.ActiveCfg = Debug|x86
		{780E231D-7BFE-40E2-AA69-399AECB294DE}.Debug|x86.Build.0 = Debug|x86
		{780E231D-7BFE-40E2-AA69-399AECB294DE}.Release|Any CPU.ActiveCfg = Release|Any CPU
		{780E231D-7BFE-40E2-AA69-399AECB294DE}.Release|Any CPU.Build.0 = Release|Any CPU
		{780E231D-7BFE-40E2-AA69-399AECB294DE}.Release|Mixed Platforms.ActiveCfg = Release|Any CPU
		{780E231D-7BFE-40E2-AA69-399AECB294DE}.Release|Mixed Platforms.Build.0 = Release|Any CPU
		{780E231D-7BFE-40E2-AA69-399AECB294DE}.Release|x86.ActiveCfg = Release|x86
		{780E231D-7BFE-40E2-AA69-399AECB294DE}.Release|x86.Build.0 = Release|x86
		{28747063-D1D2-4626-B1F1-84CC201B2063}.Debug|Any CPU.ActiveCfg = Debug|Any CPU
		{28747063-D1D2-4626-B1F1-84CC201B2063}.Debug|Any CPU.Build.0 = Debug|Any CPU
		{28747063-D1D2-4626-B1F1-84CC201B2063}.Debug|Mixed Platforms.ActiveCfg = Debug|Any CPU
		{28747063-D1D2-4626-B1F1-84CC201B2063}.Debug|Mixed Platforms.Build.0 = Debug|Any CPU
		{28747063-D1D2-4626-B1F1-84CC201B2063}.Debug|x86.ActiveCfg = Debug|x86
		{28747063-D1D2-4626-B1F1-84CC201B2063}.Debug|x86.Build.0 = Debug|x86
		{28747063-D1D2-4626-B1F1-84CC201B2063}.Release|Any CPU.ActiveCfg = Release|Any CPU
		{28747063-D1D2-4626-B1F1-84CC201B2063}.Release|Any CPU.Build.0 = Release|Any CPU
		{28747063-D1D2-4626-B1F1-84CC201B2063}.Release|Mixed Platforms.ActiveCfg = Release|x86
		{28747063-D1D2-4626-B1F1-84CC201B2063}.Release|Mixed Platforms.Build.0 = Release|x86
		{28747063-D1D2-4626-B1F1-84CC201B2063}.Release|x86.ActiveCfg = Release|x86
		{28747063-D1D2-4626-B1F1-84CC201B2063}.Release|x86.Build.0 = Release|x86
		{611BE482-BA91-4BA8-A4EF-5D628A913041}.Debug|Any CPU.ActiveCfg = Debug|Any CPU
		{611BE482-BA91-4BA8-A4EF-5D628A913041}.Debug|Any CPU.Build.0 = Debug|Any CPU
		{611BE482-BA91-4BA8-A4EF-5D628A913041}.Debug|Mixed Platforms.ActiveCfg = Debug|Any CPU
		{611BE482-BA91-4BA8-A4EF-5D628A913041}.Debug|Mixed Platforms.Build.0 = Debug|Any CPU
		{611BE482-BA91-4BA8-A4EF-5D628A913041}.Debug|x86.ActiveCfg = Debug|Any CPU
		{611BE482-BA91-4BA8-A4EF-5D628A913041}.Release|Any CPU.ActiveCfg = Release|Any CPU
		{611BE482-BA91-4BA8-A4EF-5D628A913041}.Release|Any CPU.Build.0 = Release|Any CPU
		{611BE482-BA91-4BA8-A4EF-5D628A913041}.Release|Mixed Platforms.ActiveCfg = Release|Any CPU
		{611BE482-BA91-4BA8-A4EF-5D628A913041}.Release|Mixed Platforms.Build.0 = Release|Any CPU
		{611BE482-BA91-4BA8-A4EF-5D628A913041}.Release|x86.ActiveCfg = Release|Any CPU
		{7ECF099A-B6B1-4863-A949-A9ABB8955EAA}.Debug|Any CPU.ActiveCfg = Debug|Any CPU
		{7ECF099A-B6B1-4863-A949-A9ABB8955EAA}.Debug|Any CPU.Build.0 = Debug|Any CPU
		{7ECF099A-B6B1-4863-A949-A9ABB8955EAA}.Debug|Mixed Platforms.ActiveCfg = Debug|Any CPU
		{7ECF099A-B6B1-4863-A949-A9ABB8955EAA}.Debug|Mixed Platforms.Build.0 = Debug|Any CPU
		{7ECF099A-B6B1-4863-A949-A9ABB8955EAA}.Debug|x86.ActiveCfg = Debug|Any CPU
		{7ECF099A-B6B1-4863-A949-A9ABB8955EAA}.Release|Any CPU.ActiveCfg = Release|Any CPU
		{7ECF099A-B6B1-4863-A949-A9ABB8955EAA}.Release|Any CPU.Build.0 = Release|Any CPU
		{7ECF099A-B6B1-4863-A949-A9ABB8955EAA}.Release|Mixed Platforms.ActiveCfg = Release|Any CPU
		{7ECF099A-B6B1-4863-A949-A9ABB8955EAA}.Release|Mixed Platforms.Build.0 = Release|Any CPU
		{7ECF099A-B6B1-4863-A949-A9ABB8955EAA}.Release|x86.ActiveCfg = Release|Any CPU
		{88C2E9E9-1EF9-409E-BF92-40602F4DA91A}.Debug|Any CPU.ActiveCfg = Debug|Any CPU
		{88C2E9E9-1EF9-409E-BF92-40602F4DA91A}.Debug|Any CPU.Build.0 = Debug|Any CPU
		{88C2E9E9-1EF9-409E-BF92-40602F4DA91A}.Debug|Mixed Platforms.ActiveCfg = Debug|Any CPU
		{88C2E9E9-1EF9-409E-BF92-40602F4DA91A}.Debug|Mixed Platforms.Build.0 = Debug|Any CPU
		{88C2E9E9-1EF9-409E-BF92-40602F4DA91A}.Debug|x86.ActiveCfg = Debug|Any CPU
		{88C2E9E9-1EF9-409E-BF92-40602F4DA91A}.Release|Any CPU.ActiveCfg = Release|Any CPU
		{88C2E9E9-1EF9-409E-BF92-40602F4DA91A}.Release|Any CPU.Build.0 = Release|Any CPU
		{88C2E9E9-1EF9-409E-BF92-40602F4DA91A}.Release|Mixed Platforms.ActiveCfg = Release|Any CPU
		{88C2E9E9-1EF9-409E-BF92-40602F4DA91A}.Release|Mixed Platforms.Build.0 = Release|Any CPU
		{88C2E9E9-1EF9-409E-BF92-40602F4DA91A}.Release|x86.ActiveCfg = Release|Any CPU
		{A5006FEA-FD0D-4D03-8C7F-9FB7CE3E01C8}.Debug|Any CPU.ActiveCfg = Debug|x86
		{A5006FEA-FD0D-4D03-8C7F-9FB7CE3E01C8}.Debug|Mixed Platforms.ActiveCfg = Debug|x86
		{A5006FEA-FD0D-4D03-8C7F-9FB7CE3E01C8}.Debug|Mixed Platforms.Build.0 = Debug|x86
		{A5006FEA-FD0D-4D03-8C7F-9FB7CE3E01C8}.Debug|x86.ActiveCfg = Debug|x86
		{A5006FEA-FD0D-4D03-8C7F-9FB7CE3E01C8}.Debug|x86.Build.0 = Debug|x86
		{A5006FEA-FD0D-4D03-8C7F-9FB7CE3E01C8}.Release|Any CPU.ActiveCfg = Release|x86
		{A5006FEA-FD0D-4D03-8C7F-9FB7CE3E01C8}.Release|Mixed Platforms.ActiveCfg = Release|x86
		{A5006FEA-FD0D-4D03-8C7F-9FB7CE3E01C8}.Release|Mixed Platforms.Build.0 = Release|x86
		{A5006FEA-FD0D-4D03-8C7F-9FB7CE3E01C8}.Release|x86.ActiveCfg = Release|x86
		{A5006FEA-FD0D-4D03-8C7F-9FB7CE3E01C8}.Release|x86.Build.0 = Release|x86
		{B0E26EB7-E8A1-4492-B40F-A4EE9F012A1C}.Debug|Any CPU.ActiveCfg = Debug|x86
		{B0E26EB7-E8A1-4492-B40F-A4EE9F012A1C}.Debug|Mixed Platforms.ActiveCfg = Debug|x86
		{B0E26EB7-E8A1-4492-B40F-A4EE9F012A1C}.Debug|Mixed Platforms.Build.0 = Debug|x86
		{B0E26EB7-E8A1-4492-B40F-A4EE9F012A1C}.Debug|x86.ActiveCfg = Debug|x86
		{B0E26EB7-E8A1-4492-B40F-A4EE9F012A1C}.Debug|x86.Build.0 = Debug|x86
		{B0E26EB7-E8A1-4492-B40F-A4EE9F012A1C}.Release|Any CPU.ActiveCfg = Release|x86
		{B0E26EB7-E8A1-4492-B40F-A4EE9F012A1C}.Release|Mixed Platforms.ActiveCfg = Release|x86
		{B0E26EB7-E8A1-4492-B40F-A4EE9F012A1C}.Release|Mixed Platforms.Build.0 = Release|x86
		{B0E26EB7-E8A1-4492-B40F-A4EE9F012A1C}.Release|x86.ActiveCfg = Release|x86
		{B0E26EB7-E8A1-4492-B40F-A4EE9F012A1C}.Release|x86.Build.0 = Release|x86
	EndGlobalSection
	GlobalSection(SolutionProperties) = preSolution
		HideSolutionNode = FALSE
	EndGlobalSection
EndGlobal
